
Microsoft Visual Studio Solution File, Format Version 12.00
# Visual Studio Version 17
VisualStudioVersion = 17.2.32505.173
MinimumVisualStudioVersion = 10.0.40219.1
Project("{F184B08F-C81C-45F6-A57F-5ABD9991F28F}") = "ForFour", "ForFour.vbproj", "{DAFE207D-02C9-43C9-A8D1-34176DB44F3D}"
EndProject
Global
	GlobalSection(SolutionConfigurationPlatforms) = preSolution
		Debug|Any CPU = Debug|Any CPU
		Release|Any CPU = Release|Any CPU
	EndGlobalSection
	GlobalSection(ProjectConfigurationPlatforms) = postSolution
		{DAFE207D-02C9-43C9-A8D1-34176DB44F3D}.Debug|Any CPU.ActiveCfg = Debug|Any CPU
		{DAFE207D-02C9-43C9-A8D1-34176DB44F3D}.Debug|Any CPU.Build.0 = Debug|Any CPU
		{DAFE207D-02C9-43C9-A8D1-34176DB44F3D}.Release|Any CPU.ActiveCfg = Release|Any CPU
		{DAFE207D-02C9-43C9-A8D1-34176DB44F3D}.Release|Any CPU.Build.0 = Release|Any CPU
	EndGlobalSection
	GlobalSection(SolutionProperties) = preSolution
		HideSolutionNode = FALSE
	EndGlobalSection
	GlobalSection(ExtensibilityGlobals) = postSolution
		SolutionGuid = {17EA27A2-6327-4058-B81F-0A837991E781}
	EndGlobalSection
EndGlobal
